
Microsoft Visual Studio Solution File, Format Version 12.00
# Visual Studio Version 17
VisualStudioVersion = 17.8.34330.188
MinimumVisualStudioVersion = 10.0.40219.1
Project("{9A19103F-16F7-4668-BE54-9A1E7A4F7556}") = "PictureLibrary.Api", "PictureLibrary.Api\PictureLibrary.Api.csproj", "{5053E1A5-2647-4EED-AEA4-006F065B398F}"
EndProject
Project("{9A19103F-16F7-4668-BE54-9A1E7A4F7556}") = "PictureLibrary.Domain", "PictureLibrary.Domain\PictureLibrary.Domain.csproj", "{D17D3586-E34D-4862-8372-769F28587B87}"
EndProject
Project("{9A19103F-16F7-4668-BE54-9A1E7A4F7556}") = "PictureLibrary.Infrastructure", "PictureLibrary.Infrastructure\PictureLibrary.Infrastructure.csproj", "{7CFE2A68-AFA8-40B2-815F-00AEA7443D0D}"
EndProject
Project("{9A19103F-16F7-4668-BE54-9A1E7A4F7556}") = "PictureLibrary.Contracts", "PictureLibrary.Contracts\PictureLibrary.Contracts.csproj", "{2E307985-D0B9-4625-9C66-B381A16679CC}"
EndProject
Project("{9A19103F-16F7-4668-BE54-9A1E7A4F7556}") = "PictureLibrary.Application", "PictureLibrary.Application\PictureLibrary.Application.csproj", "{903B157D-D17E-45AA-A91E-A7E81BEE57A6}"
EndProject
Project("{2150E333-8FDC-42A3-9474-1A3956D46DE8}") = "Tests", "Tests", "{E8B5DE81-4C28-4786-89A1-655733DAD787}"
EndProject
Project("{9A19103F-16F7-4668-BE54-9A1E7A4F7556}") = "PictureLibrary.TestTools", "tests\PictureLibrary.TestTools\PictureLibrary.TestTools.csproj", "{72505D7E-05F2-405A-948F-A91A0158B78F}"
EndProject
Project("{9A19103F-16F7-4668-BE54-9A1E7A4F7556}") = "PictureLibrary.Infrastructure.Test", "tests\PictureLibrary.Infrastructure.Test\PictureLibrary.Infrastructure.Test.csproj", "{63F6A4B7-CF76-4A2A-BB20-B9D37C827295}"
EndProject
Project("{9A19103F-16F7-4668-BE54-9A1E7A4F7556}") = "PictureLibrary.Application.Test", "tests\PictureLibrary.Application.Test\PictureLibrary.Application.Test.csproj", "{7D5043D8-461C-4688-AA43-B049C0340CD2}"
EndProject
Project("{2150E333-8FDC-42A3-9474-1A3956D46DE8}") = "Build", "Build", "{B6420BDC-E6C3-4640-B692-8DD6DB926C47}"
	ProjectSection(SolutionItems) = preProject
		.github\workflows\sonarcloud.yml = .github\workflows\sonarcloud.yml
	EndProjectSection
EndProject
Global
	GlobalSection(SolutionConfigurationPlatforms) = preSolution
		Debug|Any CPU = Debug|Any CPU
		Release|Any CPU = Release|Any CPU
	EndGlobalSection
	GlobalSection(ProjectConfigurationPlatforms) = postSolution
		{5053E1A5-2647-4EED-AEA4-006F065B398F}.Debug|Any CPU.ActiveCfg = Debug|Any CPU
		{5053E1A5-2647-4EED-AEA4-006F065B398F}.Debug|Any CPU.Build.0 = Debug|Any CPU
		{5053E1A5-2647-4EED-AEA4-006F065B398F}.Release|Any CPU.ActiveCfg = Release|Any CPU
		{5053E1A5-2647-4EED-AEA4-006F065B398F}.Release|Any CPU.Build.0 = Release|Any CPU
		{D17D3586-E34D-4862-8372-769F28587B87}.Debug|Any CPU.ActiveCfg = Debug|Any CPU
		{D17D3586-E34D-4862-8372-769F28587B87}.Debug|Any CPU.Build.0 = Debug|Any CPU
		{D17D3586-E34D-4862-8372-769F28587B87}.Release|Any CPU.ActiveCfg = Release|Any CPU
		{D17D3586-E34D-4862-8372-769F28587B87}.Release|Any CPU.Build.0 = Release|Any CPU
		{7CFE2A68-AFA8-40B2-815F-00AEA7443D0D}.Debug|Any CPU.ActiveCfg = Debug|Any CPU
		{7CFE2A68-AFA8-40B2-815F-00AEA7443D0D}.Debug|Any CPU.Build.0 = Debug|Any CPU
		{7CFE2A68-AFA8-40B2-815F-00AEA7443D0D}.Release|Any CPU.ActiveCfg = Release|Any CPU
		{7CFE2A68-AFA8-40B2-815F-00AEA7443D0D}.Release|Any CPU.Build.0 = Release|Any CPU
		{2E307985-D0B9-4625-9C66-B381A16679CC}.Debug|Any CPU.ActiveCfg = Debug|Any CPU
		{2E307985-D0B9-4625-9C66-B381A16679CC}.Debug|Any CPU.Build.0 = Debug|Any CPU
		{2E307985-D0B9-4625-9C66-B381A16679CC}.Release|Any CPU.ActiveCfg = Release|Any CPU
		{2E307985-D0B9-4625-9C66-B381A16679CC}.Release|Any CPU.Build.0 = Release|Any CPU
		{903B157D-D17E-45AA-A91E-A7E81BEE57A6}.Debug|Any CPU.ActiveCfg = Debug|Any CPU
		{903B157D-D17E-45AA-A91E-A7E81BEE57A6}.Debug|Any CPU.Build.0 = Debug|Any CPU
		{903B157D-D17E-45AA-A91E-A7E81BEE57A6}.Release|Any CPU.ActiveCfg = Release|Any CPU
		{903B157D-D17E-45AA-A91E-A7E81BEE57A6}.Release|Any CPU.Build.0 = Release|Any CPU
		{72505D7E-05F2-405A-948F-A91A0158B78F}.Debug|Any CPU.ActiveCfg = Debug|Any CPU
		{72505D7E-05F2-405A-948F-A91A0158B78F}.Debug|Any CPU.Build.0 = Debug|Any CPU
		{72505D7E-05F2-405A-948F-A91A0158B78F}.Release|Any CPU.ActiveCfg = Release|Any CPU
		{72505D7E-05F2-405A-948F-A91A0158B78F}.Release|Any CPU.Build.0 = Release|Any CPU
		{63F6A4B7-CF76-4A2A-BB20-B9D37C827295}.Debug|Any CPU.ActiveCfg = Debug|Any CPU
		{63F6A4B7-CF76-4A2A-BB20-B9D37C827295}.Debug|Any CPU.Build.0 = Debug|Any CPU
		{63F6A4B7-CF76-4A2A-BB20-B9D37C827295}.Release|Any CPU.ActiveCfg = Release|Any CPU
		{63F6A4B7-CF76-4A2A-BB20-B9D37C827295}.Release|Any CPU.Build.0 = Release|Any CPU
		{7D5043D8-461C-4688-AA43-B049C0340CD2}.Debug|Any CPU.ActiveCfg = Debug|Any CPU
		{7D5043D8-461C-4688-AA43-B049C0340CD2}.Debug|Any CPU.Build.0 = Debug|Any CPU
		{7D5043D8-461C-4688-AA43-B049C0340CD2}.Release|Any CPU.ActiveCfg = Release|Any CPU
		{7D5043D8-461C-4688-AA43-B049C0340CD2}.Release|Any CPU.Build.0 = Release|Any CPU
	EndGlobalSection
	GlobalSection(SolutionProperties) = preSolution
		HideSolutionNode = FALSE
	EndGlobalSection
	GlobalSection(NestedProjects) = preSolution
		{72505D7E-05F2-405A-948F-A91A0158B78F} = {E8B5DE81-4C28-4786-89A1-655733DAD787}
		{63F6A4B7-CF76-4A2A-BB20-B9D37C827295} = {E8B5DE81-4C28-4786-89A1-655733DAD787}
		{7D5043D8-461C-4688-AA43-B049C0340CD2} = {E8B5DE81-4C28-4786-89A1-655733DAD787}
	EndGlobalSection
	GlobalSection(ExtensibilityGlobals) = postSolution
		SolutionGuid = {7141846D-C20E-46D1-B48F-B4867BE8DD76}
	EndGlobalSection
EndGlobal
